// !$*UTF8*$!
{
	archiveVersion = 1;
	classes = {
	};
	objectVersion = 51;
	objects = {

/* Begin PBXBuildFile section */
		0198FE5FC478E3BE26682823 /* Pods_GithubCommitsAPI.framework in Frameworks */ = {isa = PBXBuildFile; fileRef = FE366FA0DA8CA043269AB8F9 /* Pods_GithubCommitsAPI.framework */; };
		04362DEE253D0A4B0043B670 /* AppDelegate.swift in Sources */ = {isa = PBXBuildFile; fileRef = 04362DED253D0A4B0043B670 /* AppDelegate.swift */; };
		04362DF0253D0A4B0043B670 /* SceneDelegate.swift in Sources */ = {isa = PBXBuildFile; fileRef = 04362DEF253D0A4B0043B670 /* SceneDelegate.swift */; };
		04362DF2253D0A4B0043B670 /* ViewController.swift in Sources */ = {isa = PBXBuildFile; fileRef = 04362DF1253D0A4B0043B670 /* ViewController.swift */; };
		04362DF5253D0A4B0043B670 /* Main.storyboard in Resources */ = {isa = PBXBuildFile; fileRef = 04362DF3253D0A4B0043B670 /* Main.storyboard */; };
		04362DF7253D0A500043B670 /* Assets.xcassets in Resources */ = {isa = PBXBuildFile; fileRef = 04362DF6253D0A500043B670 /* Assets.xcassets */; };
		04362DFA253D0A500043B670 /* LaunchScreen.storyboard in Resources */ = {isa = PBXBuildFile; fileRef = 04362DF8253D0A500043B670 /* LaunchScreen.storyboard */; };
		04362E05253D0A500043B670 /* GithubCommitsAPITests.swift in Sources */ = {isa = PBXBuildFile; fileRef = 04362E04253D0A500043B670 /* GithubCommitsAPITests.swift */; };
		04362E10253D0A500043B670 /* GithubCommitsAPIUITests.swift in Sources */ = {isa = PBXBuildFile; fileRef = 04362E0F253D0A500043B670 /* GithubCommitsAPIUITests.swift */; };
		04D10C92253D133200AF899F /* CommitDetailsTableViewCell.swift in Sources */ = {isa = PBXBuildFile; fileRef = 04D10C91253D133200AF899F /* CommitDetailsTableViewCell.swift */; };
		04D10C95253D1BD900AF899F /* CommitsResp.swift in Sources */ = {isa = PBXBuildFile; fileRef = 04D10C94253D1BD900AF899F /* CommitsResp.swift */; };
		553D2D08A183A29C0FEFBCCF /* Pods_GithubCommitsAPI_GithubCommitsAPIUITests.framework in Frameworks */ = {isa = PBXBuildFile; fileRef = ED0493D05F27BF27CE00DA0E /* Pods_GithubCommitsAPI_GithubCommitsAPIUITests.framework */; };
		FBBB9775394007584C0942CE /* Pods_GithubCommitsAPITests.framework in Frameworks */ = {isa = PBXBuildFile; fileRef = 46E1CBDDFB8B68D11B89F4C8 /* Pods_GithubCommitsAPITests.framework */; };
/* End PBXBuildFile section */

/* Begin PBXContainerItemProxy section */
		04362E01253D0A500043B670 /* PBXContainerItemProxy */ = {
			isa = PBXContainerItemProxy;
			containerPortal = 04362DE2253D0A4B0043B670 /* Project object */;
			proxyType = 1;
			remoteGlobalIDString = 04362DE9253D0A4B0043B670;
			remoteInfo = GithubCommitsAPI;
		};
		04362E0C253D0A500043B670 /* PBXContainerItemProxy */ = {
			isa = PBXContainerItemProxy;
			containerPortal = 04362DE2253D0A4B0043B670 /* Project object */;
			proxyType = 1;
			remoteGlobalIDString = 04362DE9253D0A4B0043B670;
			remoteInfo = GithubCommitsAPI;
		};
/* End PBXContainerItemProxy section */

/* Begin PBXFileReference section */
		04362DEA253D0A4B0043B670 /* GithubCommitsAPI.app */ = {isa = PBXFileReference; explicitFileType = wrapper.application; includeInIndex = 0; path = GithubCommitsAPI.app; sourceTree = BUILT_PRODUCTS_DIR; };
		04362DED253D0A4B0043B670 /* AppDelegate.swift */ = {isa = PBXFileReference; lastKnownFileType = sourcecode.swift; path = AppDelegate.swift; sourceTree = "<group>"; };
		04362DEF253D0A4B0043B670 /* SceneDelegate.swift */ = {isa = PBXFileReference; lastKnownFileType = sourcecode.swift; path = SceneDelegate.swift; sourceTree = "<group>"; };
		04362DF1253D0A4B0043B670 /* ViewController.swift */ = {isa = PBXFileReference; lastKnownFileType = sourcecode.swift; path = ViewController.swift; sourceTree = "<group>"; };
		04362DF4253D0A4B0043B670 /* Base */ = {isa = PBXFileReference; lastKnownFileType = file.storyboard; name = Base; path = Base.lproj/Main.storyboard; sourceTree = "<group>"; };
		04362DF6253D0A500043B670 /* Assets.xcassets */ = {isa = PBXFileReference; lastKnownFileType = folder.assetcatalog; path = Assets.xcassets; sourceTree = "<group>"; };
		04362DF9253D0A500043B670 /* Base */ = {isa = PBXFileReference; lastKnownFileType = file.storyboard; name = Base; path = Base.lproj/LaunchScreen.storyboard; sourceTree = "<group>"; };
		04362DFB253D0A500043B670 /* Info.plist */ = {isa = PBXFileReference; lastKnownFileType = text.plist.xml; path = Info.plist; sourceTree = "<group>"; };
		04362E00253D0A500043B670 /* GithubCommitsAPITests.xctest */ = {isa = PBXFileReference; explicitFileType = wrapper.cfbundle; includeInIndex = 0; path = GithubCommitsAPITests.xctest; sourceTree = BUILT_PRODUCTS_DIR; };
		04362E04253D0A500043B670 /* GithubCommitsAPITests.swift */ = {isa = PBXFileReference; lastKnownFileType = sourcecode.swift; path = GithubCommitsAPITests.swift; sourceTree = "<group>"; };
		04362E06253D0A500043B670 /* Info.plist */ = {isa = PBXFileReference; lastKnownFileType = text.plist.xml; path = Info.plist; sourceTree = "<group>"; };
		04362E0B253D0A500043B670 /* GithubCommitsAPIUITests.xctest */ = {isa = PBXFileReference; explicitFileType = wrapper.cfbundle; includeInIndex = 0; path = GithubCommitsAPIUITests.xctest; sourceTree = BUILT_PRODUCTS_DIR; };
		04362E0F253D0A500043B670 /* GithubCommitsAPIUITests.swift */ = {isa = PBXFileReference; lastKnownFileType = sourcecode.swift; path = GithubCommitsAPIUITests.swift; sourceTree = "<group>"; };
		04362E11253D0A500043B670 /* Info.plist */ = {isa = PBXFileReference; lastKnownFileType = text.plist.xml; path = Info.plist; sourceTree = "<group>"; };
		04D10C91253D133200AF899F /* CommitDetailsTableViewCell.swift */ = {isa = PBXFileReference; lastKnownFileType = sourcecode.swift; path = CommitDetailsTableViewCell.swift; sourceTree = "<group>"; };
		04D10C94253D1BD900AF899F /* CommitsResp.swift */ = {isa = PBXFileReference; lastKnownFileType = sourcecode.swift; path = CommitsResp.swift; sourceTree = "<group>"; };
		08A1DC959884B7BD487D52EF /* Pods-GithubCommitsAPI-GithubCommitsAPIUITests.debug.xcconfig */ = {isa = PBXFileReference; includeInIndex = 1; lastKnownFileType = text.xcconfig; name = "Pods-GithubCommitsAPI-GithubCommitsAPIUITests.debug.xcconfig"; path = "Target Support Files/Pods-GithubCommitsAPI-GithubCommitsAPIUITests/Pods-GithubCommitsAPI-GithubCommitsAPIUITests.debug.xcconfig"; sourceTree = "<group>"; };
		1DB2241CA302290A2202D9E7 /* Pods-GithubCommitsAPI.release.xcconfig */ = {isa = PBXFileReference; includeInIndex = 1; lastKnownFileType = text.xcconfig; name = "Pods-GithubCommitsAPI.release.xcconfig"; path = "Target Support Files/Pods-GithubCommitsAPI/Pods-GithubCommitsAPI.release.xcconfig"; sourceTree = "<group>"; };
		2D7BA54E6E8BA5B6A0E6969B /* Pods-GithubCommitsAPI.debug.xcconfig */ = {isa = PBXFileReference; includeInIndex = 1; lastKnownFileType = text.xcconfig; name = "Pods-GithubCommitsAPI.debug.xcconfig"; path = "Target Support Files/Pods-GithubCommitsAPI/Pods-GithubCommitsAPI.debug.xcconfig"; sourceTree = "<group>"; };
		3A77E4936CCB0C29681D3278 /* Pods-GithubCommitsAPITests.debug.xcconfig */ = {isa = PBXFileReference; includeInIndex = 1; lastKnownFileType = text.xcconfig; name = "Pods-GithubCommitsAPITests.debug.xcconfig"; path = "Target Support Files/Pods-GithubCommitsAPITests/Pods-GithubCommitsAPITests.debug.xcconfig"; sourceTree = "<group>"; };
		46E1CBDDFB8B68D11B89F4C8 /* Pods_GithubCommitsAPITests.framework */ = {isa = PBXFileReference; explicitFileType = wrapper.framework; includeInIndex = 0; path = Pods_GithubCommitsAPITests.framework; sourceTree = BUILT_PRODUCTS_DIR; };
		5CCF104E0668505C6A668943 /* Pods-GithubCommitsAPITests.release.xcconfig */ = {isa = PBXFileReference; includeInIndex = 1; lastKnownFileType = text.xcconfig; name = "Pods-GithubCommitsAPITests.release.xcconfig"; path = "Target Support Files/Pods-GithubCommitsAPITests/Pods-GithubCommitsAPITests.release.xcconfig"; sourceTree = "<group>"; };
		7572299D01A891DE05C328FE /* Pods-GithubCommitsAPI-GithubCommitsAPIUITests.release.xcconfig */ = {isa = PBXFileReference; includeInIndex = 1; lastKnownFileType = text.xcconfig; name = "Pods-GithubCommitsAPI-GithubCommitsAPIUITests.release.xcconfig"; path = "Target Support Files/Pods-GithubCommitsAPI-GithubCommitsAPIUITests/Pods-GithubCommitsAPI-GithubCommitsAPIUITests.release.xcconfig"; sourceTree = "<group>"; };
		ED0493D05F27BF27CE00DA0E /* Pods_GithubCommitsAPI_GithubCommitsAPIUITests.framework */ = {isa = PBXFileReference; explicitFileType = wrapper.framework; includeInIndex = 0; path = Pods_GithubCommitsAPI_GithubCommitsAPIUITests.framework; sourceTree = BUILT_PRODUCTS_DIR; };
		FE366FA0DA8CA043269AB8F9 /* Pods_GithubCommitsAPI.framework */ = {isa = PBXFileReference; explicitFileType = wrapper.framework; includeInIndex = 0; path = Pods_GithubCommitsAPI.framework; sourceTree = BUILT_PRODUCTS_DIR; };
/* End PBXFileReference section */

/* Begin PBXFrameworksBuildPhase section */
		04362DE7253D0A4B0043B670 /* Frameworks */ = {
			isa = PBXFrameworksBuildPhase;
			buildActionMask = 2147483647;
			files = (
				0198FE5FC478E3BE26682823 /* Pods_GithubCommitsAPI.framework in Frameworks */,
			);
			runOnlyForDeploymentPostprocessing = 0;
		};
		04362DFD253D0A500043B670 /* Frameworks */ = {
			isa = PBXFrameworksBuildPhase;
			buildActionMask = 2147483647;
			files = (
				FBBB9775394007584C0942CE /* Pods_GithubCommitsAPITests.framework in Frameworks */,
			);
			runOnlyForDeploymentPostprocessing = 0;
		};
		04362E08253D0A500043B670 /* Frameworks */ = {
			isa = PBXFrameworksBuildPhase;
			buildActionMask = 2147483647;
			files = (
				553D2D08A183A29C0FEFBCCF /* Pods_GithubCommitsAPI_GithubCommitsAPIUITests.framework in Frameworks */,
			);
			runOnlyForDeploymentPostprocessing = 0;
		};
/* End PBXFrameworksBuildPhase section */

/* Begin PBXGroup section */
		04362DE1253D0A4B0043B670 = {
			isa = PBXGroup;
			children = (
				04362DEC253D0A4B0043B670 /* GithubCommitsAPI */,
				04362E03253D0A500043B670 /* GithubCommitsAPITests */,
				04362E0E253D0A500043B670 /* GithubCommitsAPIUITests */,
				04362DEB253D0A4B0043B670 /* Products */,
				72C0E6B897AF7451D94C1DB7 /* Pods */,
				0CFA50D854EFAF50A2F1EC1F /* Frameworks */,
			);
			sourceTree = "<group>";
		};
		04362DEB253D0A4B0043B670 /* Products */ = {
			isa = PBXGroup;
			children = (
				04362DEA253D0A4B0043B670 /* GithubCommitsAPI.app */,
				04362E00253D0A500043B670 /* GithubCommitsAPITests.xctest */,
				04362E0B253D0A500043B670 /* GithubCommitsAPIUITests.xctest */,
			);
			name = Products;
			sourceTree = "<group>";
		};
		04362DEC253D0A4B0043B670 /* GithubCommitsAPI */ = {
			isa = PBXGroup;
			children = (
				04D10C93253D174C00AF899F /* Model */,
				04362E1D253D0C300043B670 /* StartUpFiles */,
				04362E1E253D0C630043B670 /* Controllers */,
				04362E1F253D0C700043B670 /* Storyboards */,
				04D10C90253D12E100AF899F /* TableViews */,
				04362DFB253D0A500043B670 /* Info.plist */,
			);
			path = GithubCommitsAPI;
			sourceTree = "<group>";
		};
		04362E03253D0A500043B670 /* GithubCommitsAPITests */ = {
			isa = PBXGroup;
			children = (
				04362E04253D0A500043B670 /* GithubCommitsAPITests.swift */,
				04362E06253D0A500043B670 /* Info.plist */,
			);
			path = GithubCommitsAPITests;
			sourceTree = "<group>";
		};
		04362E0E253D0A500043B670 /* GithubCommitsAPIUITests */ = {
			isa = PBXGroup;
			children = (
				04362E0F253D0A500043B670 /* GithubCommitsAPIUITests.swift */,
				04362E11253D0A500043B670 /* Info.plist */,
			);
			path = GithubCommitsAPIUITests;
			sourceTree = "<group>";
		};
		04362E1D253D0C300043B670 /* StartUpFiles */ = {
			isa = PBXGroup;
			children = (
				04362DED253D0A4B0043B670 /* AppDelegate.swift */,
				04362DEF253D0A4B0043B670 /* SceneDelegate.swift */,
				04362DF6253D0A500043B670 /* Assets.xcassets */,
			);
			path = StartUpFiles;
			sourceTree = "<group>";
		};
		04362E1E253D0C630043B670 /* Controllers */ = {
			isa = PBXGroup;
			children = (
				04362DF1253D0A4B0043B670 /* ViewController.swift */,
			);
			path = Controllers;
			sourceTree = "<group>";
		};
		04362E1F253D0C700043B670 /* Storyboards */ = {
			isa = PBXGroup;
			children = (
				04362DF3253D0A4B0043B670 /* Main.storyboard */,
				04362DF8253D0A500043B670 /* LaunchScreen.storyboard */,
			);
			path = Storyboards;
			sourceTree = "<group>";
		};
		04D10C90253D12E100AF899F /* TableViews */ = {
			isa = PBXGroup;
			children = (
				04D10C91253D133200AF899F /* CommitDetailsTableViewCell.swift */,
			);
			path = TableViews;
			sourceTree = "<group>";
		};
		04D10C93253D174C00AF899F /* Model */ = {
			isa = PBXGroup;
			children = (
				04D10C94253D1BD900AF899F /* CommitsResp.swift */,
			);
			path = Model;
			sourceTree = "<group>";
		};
		0CFA50D854EFAF50A2F1EC1F /* Frameworks */ = {
			isa = PBXGroup;
			children = (
				FE366FA0DA8CA043269AB8F9 /* Pods_GithubCommitsAPI.framework */,
				ED0493D05F27BF27CE00DA0E /* Pods_GithubCommitsAPI_GithubCommitsAPIUITests.framework */,
				46E1CBDDFB8B68D11B89F4C8 /* Pods_GithubCommitsAPITests.framework */,
			);
			name = Frameworks;
			sourceTree = "<group>";
		};
		72C0E6B897AF7451D94C1DB7 /* Pods */ = {
			isa = PBXGroup;
			children = (
				2D7BA54E6E8BA5B6A0E6969B /* Pods-GithubCommitsAPI.debug.xcconfig */,
				1DB2241CA302290A2202D9E7 /* Pods-GithubCommitsAPI.release.xcconfig */,
				08A1DC959884B7BD487D52EF /* Pods-GithubCommitsAPI-GithubCommitsAPIUITests.debug.xcconfig */,
				7572299D01A891DE05C328FE /* Pods-GithubCommitsAPI-GithubCommitsAPIUITests.release.xcconfig */,
				3A77E4936CCB0C29681D3278 /* Pods-GithubCommitsAPITests.debug.xcconfig */,
				5CCF104E0668505C6A668943 /* Pods-GithubCommitsAPITests.release.xcconfig */,
			);
			path = Pods;
			sourceTree = "<group>";
		};
/* End PBXGroup section */

/* Begin PBXNativeTarget section */
		04362DE9253D0A4B0043B670 /* GithubCommitsAPI */ = {
			isa = PBXNativeTarget;
			buildConfigurationList = 04362E14253D0A500043B670 /* Build configuration list for PBXNativeTarget "GithubCommitsAPI" */;
			buildPhases = (
				F257E4C1C97672AACC5343EB /* [CP] Check Pods Manifest.lock */,
				04362DE6253D0A4B0043B670 /* Sources */,
				04362DE7253D0A4B0043B670 /* Frameworks */,
				04362DE8253D0A4B0043B670 /* Resources */,
				6970D79A0FEA3F2C614AABA6 /* [CP] Embed Pods Frameworks */,
			);
			buildRules = (
			);
			dependencies = (
			);
			name = GithubCommitsAPI;
			productName = GithubCommitsAPI;
			productReference = 04362DEA253D0A4B0043B670 /* GithubCommitsAPI.app */;
			productType = "com.apple.product-type.application";
		};
		04362DFF253D0A500043B670 /* GithubCommitsAPITests */ = {
			isa = PBXNativeTarget;
			buildConfigurationList = 04362E17253D0A500043B670 /* Build configuration list for PBXNativeTarget "GithubCommitsAPITests" */;
			buildPhases = (
				9515A52FCE5F5102B8370DFD /* [CP] Check Pods Manifest.lock */,
				04362DFC253D0A500043B670 /* Sources */,
				04362DFD253D0A500043B670 /* Frameworks */,
				04362DFE253D0A500043B670 /* Resources */,
			);
			buildRules = (
			);
			dependencies = (
				04362E02253D0A500043B670 /* PBXTargetDependency */,
			);
			name = GithubCommitsAPITests;
			productName = GithubCommitsAPITests;
			productReference = 04362E00253D0A500043B670 /* GithubCommitsAPITests.xctest */;
			productType = "com.apple.product-type.bundle.unit-test";
		};
		04362E0A253D0A500043B670 /* GithubCommitsAPIUITests */ = {
			isa = PBXNativeTarget;
			buildConfigurationList = 04362E1A253D0A500043B670 /* Build configuration list for PBXNativeTarget "GithubCommitsAPIUITests" */;
			buildPhases = (
				4A570CC564BA5B22E37C8BF4 /* [CP] Check Pods Manifest.lock */,
				04362E07253D0A500043B670 /* Sources */,
				04362E08253D0A500043B670 /* Frameworks */,
				04362E09253D0A500043B670 /* Resources */,
				4BE0D7266D4AD03E232809A9 /* [CP] Embed Pods Frameworks */,
			);
			buildRules = (
			);
			dependencies = (
				04362E0D253D0A500043B670 /* PBXTargetDependency */,
			);
			name = GithubCommitsAPIUITests;
			productName = GithubCommitsAPIUITests;
			productReference = 04362E0B253D0A500043B670 /* GithubCommitsAPIUITests.xctest */;
			productType = "com.apple.product-type.bundle.ui-testing";
		};
/* End PBXNativeTarget section */

/* Begin PBXProject section */
		04362DE2253D0A4B0043B670 /* Project object */ = {
			isa = PBXProject;
			attributes = {
				LastSwiftUpdateCheck = 1170;
				LastUpgradeCheck = 1170;
				ORGANIZATIONNAME = RoyalTech;
				TargetAttributes = {
					04362DE9253D0A4B0043B670 = {
						CreatedOnToolsVersion = 11.7;
					};
					04362DFF253D0A500043B670 = {
						CreatedOnToolsVersion = 11.7;
						TestTargetID = 04362DE9253D0A4B0043B670;
					};
					04362E0A253D0A500043B670 = {
						CreatedOnToolsVersion = 11.7;
						TestTargetID = 04362DE9253D0A4B0043B670;
					};
				};
			};
			buildConfigurationList = 04362DE5253D0A4B0043B670 /* Build configuration list for PBXProject "GithubCommitsAPI" */;
			compatibilityVersion = "Xcode 9.3";
			developmentRegion = en;
			hasScannedForEncodings = 0;
			knownRegions = (
				en,
				Base,
			);
			mainGroup = 04362DE1253D0A4B0043B670;
			productRefGroup = 04362DEB253D0A4B0043B670 /* Products */;
			projectDirPath = "";
			projectRoot = "";
			targets = (
				04362DE9253D0A4B0043B670 /* GithubCommitsAPI */,
				04362DFF253D0A500043B670 /* GithubCommitsAPITests */,
				04362E0A253D0A500043B670 /* GithubCommitsAPIUITests */,
			);
		};
/* End PBXProject section */

/* Begin PBXResourcesBuildPhase section */
		04362DE8253D0A4B0043B670 /* Resources */ = {
			isa = PBXResourcesBuildPhase;
			buildActionMask = 2147483647;
			files = (
				04362DFA253D0A500043B670 /* LaunchScreen.storyboard in Resources */,
				04362DF7253D0A500043B670 /* Assets.xcassets in Resources */,
				04362DF5253D0A4B0043B670 /* Main.storyboard in Resources */,
			);
			runOnlyForDeploymentPostprocessing = 0;
		};
		04362DFE253D0A500043B670 /* Resources */ = {
			isa = PBXResourcesBuildPhase;
			buildActionMask = 2147483647;
			files = (
			);
			runOnlyForDeploymentPostprocessing = 0;
		};
		04362E09253D0A500043B670 /* Resources */ = {
			isa = PBXResourcesBuildPhase;
			buildActionMask = 2147483647;
			files = (
			);
			runOnlyForDeploymentPostprocessing = 0;
		};
/* End PBXResourcesBuildPhase section */

/* Begin PBXShellScriptBuildPhase section */
		4A570CC564BA5B22E37C8BF4 /* [CP] Check Pods Manifest.lock */ = {
			isa = PBXShellScriptBuildPhase;
			buildActionMask = 2147483647;
			files = (
			);
			inputFileListPaths = (
			);
			inputPaths = (
				"${PODS_PODFILE_DIR_PATH}/Podfile.lock",
				"${PODS_ROOT}/Manifest.lock",
			);
			name = "[CP] Check Pods Manifest.lock";
			outputFileListPaths = (
			);
			outputPaths = (
				"$(DERIVED_FILE_DIR)/Pods-GithubCommitsAPI-GithubCommitsAPIUITests-checkManifestLockResult.txt",
			);
			runOnlyForDeploymentPostprocessing = 0;
			shellPath = /bin/sh;
			shellScript = "diff \"${PODS_PODFILE_DIR_PATH}/Podfile.lock\" \"${PODS_ROOT}/Manifest.lock\" > /dev/null\nif [ $? != 0 ] ; then\n    # print error to STDERR\n    echo \"error: The sandbox is not in sync with the Podfile.lock. Run 'pod install' or update your CocoaPods installation.\" >&2\n    exit 1\nfi\n# This output is used by Xcode 'outputs' to avoid re-running this script phase.\necho \"SUCCESS\" > \"${SCRIPT_OUTPUT_FILE_0}\"\n";
			showEnvVarsInLog = 0;
		};
		4BE0D7266D4AD03E232809A9 /* [CP] Embed Pods Frameworks */ = {
			isa = PBXShellScriptBuildPhase;
			buildActionMask = 2147483647;
			files = (
			);
			inputFileListPaths = (
				"${PODS_ROOT}/Target Support Files/Pods-GithubCommitsAPI-GithubCommitsAPIUITests/Pods-GithubCommitsAPI-GithubCommitsAPIUITests-frameworks-${CONFIGURATION}-input-files.xcfilelist",
			);
			name = "[CP] Embed Pods Frameworks";
			outputFileListPaths = (
				"${PODS_ROOT}/Target Support Files/Pods-GithubCommitsAPI-GithubCommitsAPIUITests/Pods-GithubCommitsAPI-GithubCommitsAPIUITests-frameworks-${CONFIGURATION}-output-files.xcfilelist",
			);
			runOnlyForDeploymentPostprocessing = 0;
			shellPath = /bin/sh;
			shellScript = "\"${PODS_ROOT}/Target Support Files/Pods-GithubCommitsAPI-GithubCommitsAPIUITests/Pods-GithubCommitsAPI-GithubCommitsAPIUITests-frameworks.sh\"\n";
			showEnvVarsInLog = 0;
		};
		6970D79A0FEA3F2C614AABA6 /* [CP] Embed Pods Frameworks */ = {
			isa = PBXShellScriptBuildPhase;
			buildActionMask = 2147483647;
			files = (
			);
			inputFileListPaths = (
				"${PODS_ROOT}/Target Support Files/Pods-GithubCommitsAPI/Pods-GithubCommitsAPI-frameworks-${CONFIGURATION}-input-files.xcfilelist",
			);
			name = "[CP] Embed Pods Frameworks";
			outputFileListPaths = (
				"${PODS_ROOT}/Target Support Files/Pods-GithubCommitsAPI/Pods-GithubCommitsAPI-frameworks-${CONFIGURATION}-output-files.xcfilelist",
			);
			runOnlyForDeploymentPostprocessing = 0;
			shellPath = /bin/sh;
			shellScript = "\"${PODS_ROOT}/Target Support Files/Pods-GithubCommitsAPI/Pods-GithubCommitsAPI-frameworks.sh\"\n";
			showEnvVarsInLog = 0;
		};
		9515A52FCE5F5102B8370DFD /* [CP] Check Pods Manifest.lock */ = {
			isa = PBXShellScriptBuildPhase;
			buildActionMask = 2147483647;
			files = (
			);
			inputFileListPaths = (
			);
			inputPaths = (
				"${PODS_PODFILE_DIR_PATH}/Podfile.lock",
				"${PODS_ROOT}/Manifest.lock",
			);
			name = "[CP] Check Pods Manifest.lock";
			outputFileListPaths = (
			);
			outputPaths = (
				"$(DERIVED_FILE_DIR)/Pods-GithubCommitsAPITests-checkManifestLockResult.txt",
			);
			runOnlyForDeploymentPostprocessing = 0;
			shellPath = /bin/sh;
			shellScript = "diff \"${PODS_PODFILE_DIR_PATH}/Podfile.lock\" \"${PODS_ROOT}/Manifest.lock\" > /dev/null\nif [ $? != 0 ] ; then\n    # print error to STDERR\n    echo \"error: The sandbox is not in sync with the Podfile.lock. Run 'pod install' or update your CocoaPods installation.\" >&2\n    exit 1\nfi\n# This output is used by Xcode 'outputs' to avoid re-running this script phase.\necho \"SUCCESS\" > \"${SCRIPT_OUTPUT_FILE_0}\"\n";
			showEnvVarsInLog = 0;
		};
		F257E4C1C97672AACC5343EB /* [CP] Check Pods Manifest.lock */ = {
			isa = PBXShellScriptBuildPhase;
			buildActionMask = 2147483647;
			files = (
			);
			inputFileListPaths = (
			);
			inputPaths = (
				"${PODS_PODFILE_DIR_PATH}/Podfile.lock",
				"${PODS_ROOT}/Manifest.lock",
			);
			name = "[CP] Check Pods Manifest.lock";
			outputFileListPaths = (
			);
			outputPaths = (
				"$(DERIVED_FILE_DIR)/Pods-GithubCommitsAPI-checkManifestLockResult.txt",
			);
			runOnlyForDeploymentPostprocessing = 0;
			shellPath = /bin/sh;
			shellScript = "diff \"${PODS_PODFILE_DIR_PATH}/Podfile.lock\" \"${PODS_ROOT}/Manifest.lock\" > /dev/null\nif [ $? != 0 ] ; then\n    # print error to STDERR\n    echo \"error: The sandbox is not in sync with the Podfile.lock. Run 'pod install' or update your CocoaPods installation.\" >&2\n    exit 1\nfi\n# This output is used by Xcode 'outputs' to avoid re-running this script phase.\necho \"SUCCESS\" > \"${SCRIPT_OUTPUT_FILE_0}\"\n";
			showEnvVarsInLog = 0;
		};
/* End PBXShellScriptBuildPhase section */

/* Begin PBXSourcesBuildPhase section */
		04362DE6253D0A4B0043B670 /* Sources */ = {
			isa = PBXSourcesBuildPhase;
			buildActionMask = 2147483647;
			files = (
				04362DF2253D0A4B0043B670 /* ViewController.swift in Sources */,
				04362DEE253D0A4B0043B670 /* AppDelegate.swift in Sources */,
				04D10C92253D133200AF899F /* CommitDetailsTableViewCell.swift in Sources */,
				04D10C95253D1BD900AF899F /* CommitsResp.swift in Sources */,
				04362DF0253D0A4B0043B670 /* SceneDelegate.swift in Sources */,
			);
			runOnlyForDeploymentPostprocessing = 0;
		};
		04362DFC253D0A500043B670 /* Sources */ = {
			isa = PBXSourcesBuildPhase;
			buildActionMask = 2147483647;
			files = (
				04362E05253D0A500043B670 /* GithubCommitsAPITests.swift in Sources */,
			);
			runOnlyForDeploymentPostprocessing = 0;
		};
		04362E07253D0A500043B670 /* Sources */ = {
			isa = PBXSourcesBuildPhase;
			buildActionMask = 2147483647;
			files = (
				04362E10253D0A500043B670 /* GithubCommitsAPIUITests.swift in Sources */,
			);
			runOnlyForDeploymentPostprocessing = 0;
		};
/* End PBXSourcesBuildPhase section */

/* Begin PBXTargetDependency section */
		04362E02253D0A500043B670 /* PBXTargetDependency */ = {
			isa = PBXTargetDependency;
			target = 04362DE9253D0A4B0043B670 /* GithubCommitsAPI */;
			targetProxy = 04362E01253D0A500043B670 /* PBXContainerItemProxy */;
		};
		04362E0D253D0A500043B670 /* PBXTargetDependency */ = {
			isa = PBXTargetDependency;
			target = 04362DE9253D0A4B0043B670 /* GithubCommitsAPI */;
			targetProxy = 04362E0C253D0A500043B670 /* PBXContainerItemProxy */;
		};
/* End PBXTargetDependency section */

/* Begin PBXVariantGroup section */
		04362DF3253D0A4B0043B670 /* Main.storyboard */ = {
			isa = PBXVariantGroup;
			children = (
				04362DF4253D0A4B0043B670 /* Base */,
			);
			name = Main.storyboard;
			sourceTree = "<group>";
		};
		04362DF8253D0A500043B670 /* LaunchScreen.storyboard */ = {
			isa = PBXVariantGroup;
			children = (
				04362DF9253D0A500043B670 /* Base */,
			);
			name = LaunchScreen.storyboard;
			sourceTree = "<group>";
		};
/* End PBXVariantGroup section */

/* Begin XCBuildConfiguration section */
		04362E12253D0A500043B670 /* Debug */ = {
			isa = XCBuildConfiguration;
			buildSettings = {
				ALWAYS_SEARCH_USER_PATHS = NO;
				CLANG_ANALYZER_NONNULL = YES;
				CLANG_ANALYZER_NUMBER_OBJECT_CONVERSION = YES_AGGRESSIVE;
				CLANG_CXX_LANGUAGE_STANDARD = "gnu++14";
				CLANG_CXX_LIBRARY = "libc++";
				CLANG_ENABLE_MODULES = YES;
				CLANG_ENABLE_OBJC_ARC = YES;
				CLANG_ENABLE_OBJC_WEAK = YES;
				CLANG_WARN_BLOCK_CAPTURE_AUTORELEASING = YES;
				CLANG_WARN_BOOL_CONVERSION = YES;
				CLANG_WARN_COMMA = YES;
				CLANG_WARN_CONSTANT_CONVERSION = YES;
				CLANG_WARN_DEPRECATED_OBJC_IMPLEMENTATIONS = YES;
				CLANG_WARN_DIRECT_OBJC_ISA_USAGE = YES_ERROR;
				CLANG_WARN_DOCUMENTATION_COMMENTS = YES;
				CLANG_WARN_EMPTY_BODY = YES;
				CLANG_WARN_ENUM_CONVERSION = YES;
				CLANG_WARN_INFINITE_RECURSION = YES;
				CLANG_WARN_INT_CONVERSION = YES;
				CLANG_WARN_NON_LITERAL_NULL_CONVERSION = YES;
				CLANG_WARN_OBJC_IMPLICIT_RETAIN_SELF = YES;
				CLANG_WARN_OBJC_LITERAL_CONVERSION = YES;
				CLANG_WARN_OBJC_ROOT_CLASS = YES_ERROR;
				CLANG_WARN_RANGE_LOOP_ANALYSIS = YES;
				CLANG_WARN_STRICT_PROTOTYPES = YES;
				CLANG_WARN_SUSPICIOUS_MOVE = YES;
				CLANG_WARN_UNGUARDED_AVAILABILITY = YES_AGGRESSIVE;
				CLANG_WARN_UNREACHABLE_CODE = YES;
				CLANG_WARN__DUPLICATE_METHOD_MATCH = YES;
				COPY_PHASE_STRIP = NO;
				DEBUG_INFORMATION_FORMAT = dwarf;
				ENABLE_STRICT_OBJC_MSGSEND = YES;
				ENABLE_TESTABILITY = YES;
				GCC_C_LANGUAGE_STANDARD = gnu11;
				GCC_DYNAMIC_NO_PIC = NO;
				GCC_NO_COMMON_BLOCKS = YES;
				GCC_OPTIMIZATION_LEVEL = 0;
				GCC_PREPROCESSOR_DEFINITIONS = (
					"DEBUG=1",
					"$(inherited)",
				);
				GCC_WARN_64_TO_32_BIT_CONVERSION = YES;
				GCC_WARN_ABOUT_RETURN_TYPE = YES_ERROR;
				GCC_WARN_UNDECLARED_SELECTOR = YES;
				GCC_WARN_UNINITIALIZED_AUTOS = YES_AGGRESSIVE;
				GCC_WARN_UNUSED_FUNCTION = YES;
				GCC_WARN_UNUSED_VARIABLE = YES;
				IPHONEOS_DEPLOYMENT_TARGET = 13.7;
				MTL_ENABLE_DEBUG_INFO = INCLUDE_SOURCE;
				MTL_FAST_MATH = YES;
				ONLY_ACTIVE_ARCH = YES;
				SDKROOT = iphoneos;
				SWIFT_ACTIVE_COMPILATION_CONDITIONS = DEBUG;
				SWIFT_OPTIMIZATION_LEVEL = "-Onone";
			};
			name = Debug;
		};
		04362E13253D0A500043B670 /* Release */ = {
			isa = XCBuildConfiguration;
			buildSettings = {
				ALWAYS_SEARCH_USER_PATHS = NO;
				CLANG_ANALYZER_NONNULL = YES;
				CLANG_ANALYZER_NUMBER_OBJECT_CONVERSION = YES_AGGRESSIVE;
				CLANG_CXX_LANGUAGE_STANDARD = "gnu++14";
				CLANG_CXX_LIBRARY = "libc++";
				CLANG_ENABLE_MODULES = YES;
				CLANG_ENABLE_OBJC_ARC = YES;
				CLANG_ENABLE_OBJC_WEAK = YES;
				CLANG_WARN_BLOCK_CAPTURE_AUTORELEASING = YES;
				CLANG_WARN_BOOL_CONVERSION = YES;
				CLANG_WARN_COMMA = YES;
				CLANG_WARN_CONSTANT_CONVERSION = YES;
				CLANG_WARN_DEPRECATED_OBJC_IMPLEMENTATIONS = YES;
				CLANG_WARN_DIRECT_OBJC_ISA_USAGE = YES_ERROR;
				CLANG_WARN_DOCUMENTATION_COMMENTS = YES;
				CLANG_WARN_EMPTY_BODY = YES;
				CLANG_WARN_ENUM_CONVERSION = YES;
				CLANG_WARN_INFINITE_RECURSION = YES;
				CLANG_WARN_INT_CONVERSION = YES;
				CLANG_WARN_NON_LITERAL_NULL_CONVERSION = YES;
				CLANG_WARN_OBJC_IMPLICIT_RETAIN_SELF = YES;
				CLANG_WARN_OBJC_LITERAL_CONVERSION = YES;
				CLANG_WARN_OBJC_ROOT_CLASS = YES_ERROR;
				CLANG_WARN_RANGE_LOOP_ANALYSIS = YES;
				CLANG_WARN_STRICT_PROTOTYPES = YES;
				CLANG_WARN_SUSPICIOUS_MOVE = YES;
				CLANG_WARN_UNGUARDED_AVAILABILITY = YES_AGGRESSIVE;
				CLANG_WARN_UNREACHABLE_CODE = YES;
				CLANG_WARN__DUPLICATE_METHOD_MATCH = YES;
				COPY_PHASE_STRIP = NO;
				DEBUG_INFORMATION_FORMAT = "dwarf-with-dsym";
				ENABLE_NS_ASSERTIONS = NO;
				ENABLE_STRICT_OBJC_MSGSEND = YES;
				GCC_C_LANGUAGE_STANDARD = gnu11;
				GCC_NO_COMMON_BLOCKS = YES;
				GCC_WARN_64_TO_32_BIT_CONVERSION = YES;
				GCC_WARN_ABOUT_RETURN_TYPE = YES_ERROR;
				GCC_WARN_UNDECLARED_SELECTOR = YES;
				GCC_WARN_UNINITIALIZED_AUTOS = YES_AGGRESSIVE;
				GCC_WARN_UNUSED_FUNCTION = YES;
				GCC_WARN_UNUSED_VARIABLE = YES;
				IPHONEOS_DEPLOYMENT_TARGET = 13.7;
				MTL_ENABLE_DEBUG_INFO = NO;
				MTL_FAST_MATH = YES;
				SDKROOT = iphoneos;
				SWIFT_COMPILATION_MODE = wholemodule;
				SWIFT_OPTIMIZATION_LEVEL = "-O";
				VALIDATE_PRODUCT = YES;
			};
			name = Release;
		};
		04362E15253D0A500043B670 /* Debug */ = {
			isa = XCBuildConfiguration;
			baseConfigurationReference = 2D7BA54E6E8BA5B6A0E6969B /* Pods-GithubCommitsAPI.debug.xcconfig */;
			buildSettings = {
				ASSETCATALOG_COMPILER_APPICON_NAME = AppIcon;
				CODE_SIGN_STYLE = Automatic;
				INFOPLIST_FILE = GithubCommitsAPI/Info.plist;
				LD_RUNPATH_SEARCH_PATHS = (
					"$(inherited)",
					"@executable_path/Frameworks",
				);
				PRODUCT_BUNDLE_IDENTIFIER = RoyalTech.GithubCommitsAPI;
				PRODUCT_NAME = "$(TARGET_NAME)";
				SWIFT_VERSION = 5.0;
				TARGETED_DEVICE_FAMILY = "1,2";
			};
			name = Debug;
		};
		04362E16253D0A500043B670 /* Release */ = {
			isa = XCBuildConfiguration;
			baseConfigurationReference = 1DB2241CA302290A2202D9E7 /* Pods-GithubCommitsAPI.release.xcconfig */;
			buildSettings = {
				ASSETCATALOG_COMPILER_APPICON_NAME = AppIcon;
				CODE_SIGN_STYLE = Automatic;
				INFOPLIST_FILE = GithubCommitsAPI/Info.plist;
				LD_RUNPATH_SEARCH_PATHS = (
					"$(inherited)",
					"@executable_path/Frameworks",
				);
				PRODUCT_BUNDLE_IDENTIFIER = RoyalTech.GithubCommitsAPI;
				PRODUCT_NAME = "$(TARGET_NAME)";
				SWIFT_VERSION = 5.0;
				TARGETED_DEVICE_FAMILY = "1,2";
			};
			name = Release;
		};
		04362E18253D0A500043B670 /* Debug */ = {
			isa = XCBuildConfiguration;
			baseConfigurationReference = 3A77E4936CCB0C29681D3278 /* Pods-GithubCommitsAPITests.debug.xcconfig */;
			buildSettings = {
				ALWAYS_EMBED_SWIFT_STANDARD_LIBRARIES = YES;
				BUNDLE_LOADER = "$(TEST_HOST)";
				CODE_SIGN_STYLE = Automatic;
				INFOPLIST_FILE = GithubCommitsAPITests/Info.plist;
				IPHONEOS_DEPLOYMENT_TARGET = 13.7;
				LD_RUNPATH_SEARCH_PATHS = (
					"$(inherited)",
					"@executable_path/Frameworks",
					"@loader_path/Frameworks",
				);
				PRODUCT_BUNDLE_IDENTIFIER = RoyalTech.GithubCommitsAPITests;
				PRODUCT_NAME = "$(TARGET_NAME)";
				SWIFT_VERSION = 5.0;
				TARGETED_DEVICE_FAMILY = "1,2";
				TEST_HOST = "$(BUILT_PRODUCTS_DIR)/GithubCommitsAPI.app/GithubCommitsAPI";
			};
			name = Debug;
		};
		04362E19253D0A500043B670 /* Release */ = {
			isa = XCBuildConfiguration;
			baseConfigurationReference = 5CCF104E0668505C6A668943 /* Pods-GithubCommitsAPITests.release.xcconfig */;
			buildSettings = {
				ALWAYS_EMBED_SWIFT_STANDARD_LIBRARIES = YES;
				BUNDLE_LOADER = "$(TEST_HOST)";
				CODE_SIGN_STYLE = Automatic;
				INFOPLIST_FILE = GithubCommitsAPITests/Info.plist;
				IPHONEOS_DEPLOYMENT_TARGET = 13.7;
				LD_RUNPATH_SEARCH_PATHS = (
					"$(inherited)",
					"@executable_path/Frameworks",
					"@loader_path/Frameworks",
				);
				PRODUCT_BUNDLE_IDENTIFIER = RoyalTech.GithubCommitsAPITests;
				PRODUCT_NAME = "$(TARGET_NAME)";
				SWIFT_VERSION = 5.0;
				TARGETED_DEVICE_FAMILY = "1,2";
				TEST_HOST = "$(BUILT_PRODUCTS_DIR)/GithubCommitsAPI.app/GithubCommitsAPI";
			};
			name = Release;
		};
		04362E1B253D0A500043B670 /* Debug */ = {
			isa = XCBuildConfiguration;
			baseConfigurationReference = 08A1DC959884B7BD487D52EF /* Pods-GithubCommitsAPI-GithubCommitsAPIUITests.debug.xcconfig */;
			buildSettings = {
				ALWAYS_EMBED_SWIFT_STANDARD_LIBRARIES = YES;
				CODE_SIGN_STYLE = Automatic;
				INFOPLIST_FILE = GithubCommitsAPIUITests/Info.plist;
				LD_RUNPATH_SEARCH_PATHS = (
					"$(inherited)",
					"@executable_path/Frameworks",
					"@loader_path/Frameworks",
				);
				PRODUCT_BUNDLE_IDENTIFIER = RoyalTech.GithubCommitsAPIUITests;
				PRODUCT_NAME = "$(TARGET_NAME)";
				SWIFT_VERSION = 5.0;
				TARGETED_DEVICE_FAMILY = "1,2";
				TEST_TARGET_NAME = GithubCommitsAPI;
			};
			name = Debug;
		};
		04362E1C253D0A500043B670 /* Release */ = {
			isa = XCBuildConfiguration;
			baseConfigurationReference = 7572299D01A891DE05C328FE /* Pods-GithubCommitsAPI-GithubCommitsAPIUITests.release.xcconfig */;
			buildSettings = {
				ALWAYS_EMBED_SWIFT_STANDARD_LIBRARIES = YES;
				CODE_SIGN_STYLE = Automatic;
				INFOPLIST_FILE = GithubCommitsAPIUITests/Info.plist;
				LD_RUNPATH_SEARCH_PATHS = (
					"$(inherited)",
					"@executable_path/Frameworks",
					"@loader_path/Frameworks",
				);
				PRODUCT_BUNDLE_IDENTIFIER = RoyalTech.GithubCommitsAPIUITests;
				PRODUCT_NAME = "$(TARGET_NAME)";
				SWIFT_VERSION = 5.0;
				TARGETED_DEVICE_FAMILY = "1,2";
				TEST_TARGET_NAME = GithubCommitsAPI;
			};
			name = Release;
		};
/* End XCBuildConfiguration section */

/* Begin XCConfigurationList section */
		04362DE5253D0A4B0043B670 /* Build configuration list for PBXProject "GithubCommitsAPI" */ = {
			isa = XCConfigurationList;
			buildConfigurations = (
				04362E12253D0A500043B670 /* Debug */,
				04362E13253D0A500043B670 /* Release */,
			);
			defaultConfigurationIsVisible = 0;
			defaultConfigurationName = Release;
		};
		04362E14253D0A500043B670 /* Build configuration list for PBXNativeTarget "GithubCommitsAPI" */ = {
			isa = XCConfigurationList;
			buildConfigurations = (
				04362E15253D0A500043B670 /* Debug */,
				04362E16253D0A500043B670 /* Release */,
			);
			defaultConfigurationIsVisible = 0;
			defaultConfigurationName = Release;
		};
		04362E17253D0A500043B670 /* Build configuration list for PBXNativeTarget "GithubCommitsAPITests" */ = {
			isa = XCConfigurationList;
			buildConfigurations = (
				04362E18253D0A500043B670 /* Debug */,
				04362E19253D0A500043B670 /* Release */,
			);
			defaultConfigurationIsVisible = 0;
			defaultConfigurationName = Release;
		};
		04362E1A253D0A500043B670 /* Build configuration list for PBXNativeTarget "GithubCommitsAPIUITests" */ = {
			isa = XCConfigurationList;
			buildConfigurations = (
				04362E1B253D0A500043B670 /* Debug */,
				04362E1C253D0A500043B670 /* Release */,
			);
			defaultConfigurationIsVisible = 0;
			defaultConfigurationName = Release;
		};
/* End XCConfigurationList section */
	};
	rootObject = 04362DE2253D0A4B0043B670 /* Project object */;
}
